
Microsoft Visual Studio Solution File, Format Version 12.00
# Visual Studio 15
VisualStudioVersion = 15.0.26730.16
MinimumVisualStudioVersion = 10.0.40219.1
Project("{9A19103F-16F7-4668-BE54-9A1E7A4F7556}") = "SharpLayout", "SharpLayout\SharpLayout.csproj", "{05E890DE-939F-4E72-A971-2EA897E9B503}"
EndProject
Project("{FAE04EC0-301F-11D3-BF4B-00C04F79EFBC}") = "LiveViewer", "LiveViewer\LiveViewer.csproj", "{1D441DD3-FF8A-4F28-B2BB-CFD67E9ECC0F}"
EndProject
Project("{9A19103F-16F7-4668-BE54-9A1E7A4F7556}") = "PdfSharp-netstandard", "PDFsharp\src\PdfSharp\PdfSharp-netstandard.csproj", "{44487D24-3FB3-4EB4-98FE-3D16F5EEBC0A}"
EndProject
Project("{FAE04EC0-301F-11D3-BF4B-00C04F79EFBC}") = "SharpLayout.Tests", "SharpLayout.Tests\SharpLayout.Tests.csproj", "{AB0DD042-CF22-4588-82B6-9A5D1D7DEF9D}"
EndProject
Global
	GlobalSection(SolutionConfigurationPlatforms) = preSolution
		Debug|Any CPU = Debug|Any CPU
		Release|Any CPU = Release|Any CPU
	EndGlobalSection
	GlobalSection(ProjectConfigurationPlatforms) = postSolution
		{05E890DE-939F-4E72-A971-2EA897E9B503}.Debug|Any CPU.ActiveCfg = Debug|Any CPU
		{05E890DE-939F-4E72-A971-2EA897E9B503}.Debug|Any CPU.Build.0 = Debug|Any CPU
		{05E890DE-939F-4E72-A971-2EA897E9B503}.Release|Any CPU.ActiveCfg = Release|Any CPU
		{05E890DE-939F-4E72-A971-2EA897E9B503}.Release|Any CPU.Build.0 = Release|Any CPU
		{1D441DD3-FF8A-4F28-B2BB-CFD67E9ECC0F}.Debug|Any CPU.ActiveCfg = Debug|Any CPU
		{1D441DD3-FF8A-4F28-B2BB-CFD67E9ECC0F}.Debug|Any CPU.Build.0 = Debug|Any CPU
		{1D441DD3-FF8A-4F28-B2BB-CFD67E9ECC0F}.Release|Any CPU.ActiveCfg = Release|Any CPU
		{1D441DD3-FF8A-4F28-B2BB-CFD67E9ECC0F}.Release|Any CPU.Build.0 = Release|Any CPU
		{44487D24-3FB3-4EB4-98FE-3D16F5EEBC0A}.Debug|Any CPU.ActiveCfg = Debug|Any CPU
		{44487D24-3FB3-4EB4-98FE-3D16F5EEBC0A}.Debug|Any CPU.Build.0 = Debug|Any CPU
		{44487D24-3FB3-4EB4-98FE-3D16F5EEBC0A}.Release|Any CPU.ActiveCfg = Release|Any CPU
		{44487D24-3FB3-4EB4-98FE-3D16F5EEBC0A}.Release|Any CPU.Build.0 = Release|Any CPU
		{AB0DD042-CF22-4588-82B6-9A5D1D7DEF9D}.Debug|Any CPU.ActiveCfg = Debug|Any CPU
		{AB0DD042-CF22-4588-82B6-9A5D1D7DEF9D}.Debug|Any CPU.Build.0 = Debug|Any CPU
		{AB0DD042-CF22-4588-82B6-9A5D1D7DEF9D}.Release|Any CPU.ActiveCfg = Release|Any CPU
		{AB0DD042-CF22-4588-82B6-9A5D1D7DEF9D}.Release|Any CPU.Build.0 = Release|Any CPU
	EndGlobalSection
	GlobalSection(SolutionProperties) = preSolution
		HideSolutionNode = FALSE
	EndGlobalSection
	GlobalSection(ExtensibilityGlobals) = postSolution
		SolutionGuid = {565C6836-BF67-43A4-9F1C-606CC1E38ACB}
	EndGlobalSection
EndGlobal
